
Microsoft Visual Studio Solution File, Format Version 12.00
# Visual Studio 15
VisualStudioVersion = 15.0.26430.6
MinimumVisualStudioVersion = 10.0.40219.1
Project("{FAE04EC0-301F-11D3-BF4B-00C04F79EFBC}") = "AdventOfCode", "AdventOfCOde\AdventOfCode.csproj", "{B920B078-8EBE-4AF9-A0A8-9702A4F74F61}"
EndProject
Project("{FAE04EC0-301F-11D3-BF4B-00C04F79EFBC}") = "AdventOfCodeTest", "AdventOfCodeTest\AdventOfCodeTest.csproj", "{76DABF3A-23DE-4735-BC0A-C3A8171EC5F0}"
EndProject
Global
	GlobalSection(SolutionConfigurationPlatforms) = preSolution
		Debug|Any CPU = Debug|Any CPU
		Release|Any CPU = Release|Any CPU
	EndGlobalSection
	GlobalSection(ProjectConfigurationPlatforms) = postSolution
		{B920B078-8EBE-4AF9-A0A8-9702A4F74F61}.Debug|Any CPU.ActiveCfg = Debug|Any CPU
		{B920B078-8EBE-4AF9-A0A8-9702A4F74F61}.Debug|Any CPU.Build.0 = Debug|Any CPU
		{B920B078-8EBE-4AF9-A0A8-9702A4F74F61}.Release|Any CPU.ActiveCfg = Release|Any CPU
		{B920B078-8EBE-4AF9-A0A8-9702A4F74F61}.Release|Any CPU.Build.0 = Release|Any CPU
		{76DABF3A-23DE-4735-BC0A-C3A8171EC5F0}.Debug|Any CPU.ActiveCfg = Debug|Any CPU
		{76DABF3A-23DE-4735-BC0A-C3A8171EC5F0}.Debug|Any CPU.Build.0 = Debug|Any CPU
		{76DABF3A-23DE-4735-BC0A-C3A8171EC5F0}.Release|Any CPU.ActiveCfg = Release|Any CPU
		{76DABF3A-23DE-4735-BC0A-C3A8171EC5F0}.Release|Any CPU.Build.0 = Release|Any CPU
	EndGlobalSection
	GlobalSection(SolutionProperties) = preSolution
		HideSolutionNode = FALSE
	EndGlobalSection
EndGlobal
