
Microsoft Visual Studio Solution File, Format Version 12.00
# Visual Studio Version 17
VisualStudioVersion = 17.0.32014.148
MinimumVisualStudioVersion = 10.0.40219.1
Project("{FAE04EC0-301F-11D3-BF4B-00C04F79EFBC}") = "AdventOfCode", "AdventOfCOde\AdventOfCode.csproj", "{B920B078-8EBE-4AF9-A0A8-9702A4F74F61}"
EndProject
Project("{FAE04EC0-301F-11D3-BF4B-00C04F79EFBC}") = "AdventOfCodeTest", "AdventOfCodeTest\AdventOfCodeTest.csproj", "{76DABF3A-23DE-4735-BC0A-C3A8171EC5F0}"
EndProject
Project("{FAE04EC0-301F-11D3-BF4B-00C04F79EFBC}") = "2017", "2017\2017.csproj", "{653EED3B-905E-4B4C-AF05-B58BDB56751E}"
EndProject
Project("{FAE04EC0-301F-11D3-BF4B-00C04F79EFBC}") = "2017Test", "2017Test\2017Test.csproj", "{268B8966-43F8-4D8E-A35C-962F8BDB611A}"
EndProject
Project("{9A19103F-16F7-4668-BE54-9A1E7A4F7556}") = "2018Test", "2018Test\2018Test.csproj", "{AC64761C-E32E-4495-ACCD-2F8F2D9114F6}"
EndProject
Project("{9A19103F-16F7-4668-BE54-9A1E7A4F7556}") = "2018", "2018\2018.csproj", "{F683464C-F70A-47A1-92FA-0CD97D9E42B3}"
EndProject
Project("{FAE04EC0-301F-11D3-BF4B-00C04F79EFBC}") = "2021", "2021\2021.csproj", "{983829BA-1644-4FC3-8853-7B3FDE786924}"
EndProject
Project("{FAE04EC0-301F-11D3-BF4B-00C04F79EFBC}") = "2021Test", "2021Test\2021Test.csproj", "{629B1583-E204-4F9D-8DDC-FDFDB9AB5CA5}"
EndProject
Global
	GlobalSection(SolutionConfigurationPlatforms) = preSolution
		Debug|Any CPU = Debug|Any CPU
		Release|Any CPU = Release|Any CPU
	EndGlobalSection
	GlobalSection(ProjectConfigurationPlatforms) = postSolution
		{B920B078-8EBE-4AF9-A0A8-9702A4F74F61}.Debug|Any CPU.ActiveCfg = Debug|Any CPU
		{B920B078-8EBE-4AF9-A0A8-9702A4F74F61}.Debug|Any CPU.Build.0 = Debug|Any CPU
		{B920B078-8EBE-4AF9-A0A8-9702A4F74F61}.Release|Any CPU.ActiveCfg = Release|Any CPU
		{B920B078-8EBE-4AF9-A0A8-9702A4F74F61}.Release|Any CPU.Build.0 = Release|Any CPU
		{76DABF3A-23DE-4735-BC0A-C3A8171EC5F0}.Debug|Any CPU.ActiveCfg = Debug|Any CPU
		{76DABF3A-23DE-4735-BC0A-C3A8171EC5F0}.Debug|Any CPU.Build.0 = Debug|Any CPU
		{76DABF3A-23DE-4735-BC0A-C3A8171EC5F0}.Release|Any CPU.ActiveCfg = Release|Any CPU
		{76DABF3A-23DE-4735-BC0A-C3A8171EC5F0}.Release|Any CPU.Build.0 = Release|Any CPU
		{653EED3B-905E-4B4C-AF05-B58BDB56751E}.Debug|Any CPU.ActiveCfg = Debug|Any CPU
		{653EED3B-905E-4B4C-AF05-B58BDB56751E}.Debug|Any CPU.Build.0 = Debug|Any CPU
		{653EED3B-905E-4B4C-AF05-B58BDB56751E}.Release|Any CPU.ActiveCfg = Release|Any CPU
		{653EED3B-905E-4B4C-AF05-B58BDB56751E}.Release|Any CPU.Build.0 = Release|Any CPU
		{268B8966-43F8-4D8E-A35C-962F8BDB611A}.Debug|Any CPU.ActiveCfg = Debug|Any CPU
		{268B8966-43F8-4D8E-A35C-962F8BDB611A}.Debug|Any CPU.Build.0 = Debug|Any CPU
		{268B8966-43F8-4D8E-A35C-962F8BDB611A}.Release|Any CPU.ActiveCfg = Release|Any CPU
		{268B8966-43F8-4D8E-A35C-962F8BDB611A}.Release|Any CPU.Build.0 = Release|Any CPU
		{AC64761C-E32E-4495-ACCD-2F8F2D9114F6}.Debug|Any CPU.ActiveCfg = Debug|Any CPU
		{AC64761C-E32E-4495-ACCD-2F8F2D9114F6}.Debug|Any CPU.Build.0 = Debug|Any CPU
		{AC64761C-E32E-4495-ACCD-2F8F2D9114F6}.Release|Any CPU.ActiveCfg = Release|Any CPU
		{AC64761C-E32E-4495-ACCD-2F8F2D9114F6}.Release|Any CPU.Build.0 = Release|Any CPU
		{F683464C-F70A-47A1-92FA-0CD97D9E42B3}.Debug|Any CPU.ActiveCfg = Debug|Any CPU
		{F683464C-F70A-47A1-92FA-0CD97D9E42B3}.Debug|Any CPU.Build.0 = Debug|Any CPU
		{F683464C-F70A-47A1-92FA-0CD97D9E42B3}.Release|Any CPU.ActiveCfg = Release|Any CPU
		{F683464C-F70A-47A1-92FA-0CD97D9E42B3}.Release|Any CPU.Build.0 = Release|Any CPU
		{983829BA-1644-4FC3-8853-7B3FDE786924}.Debug|Any CPU.ActiveCfg = Debug|Any CPU
		{983829BA-1644-4FC3-8853-7B3FDE786924}.Debug|Any CPU.Build.0 = Debug|Any CPU
		{983829BA-1644-4FC3-8853-7B3FDE786924}.Release|Any CPU.ActiveCfg = Release|Any CPU
		{983829BA-1644-4FC3-8853-7B3FDE786924}.Release|Any CPU.Build.0 = Release|Any CPU
		{629B1583-E204-4F9D-8DDC-FDFDB9AB5CA5}.Debug|Any CPU.ActiveCfg = Debug|Any CPU
		{629B1583-E204-4F9D-8DDC-FDFDB9AB5CA5}.Debug|Any CPU.Build.0 = Debug|Any CPU
		{629B1583-E204-4F9D-8DDC-FDFDB9AB5CA5}.Release|Any CPU.ActiveCfg = Release|Any CPU
		{629B1583-E204-4F9D-8DDC-FDFDB9AB5CA5}.Release|Any CPU.Build.0 = Release|Any CPU
	EndGlobalSection
	GlobalSection(SolutionProperties) = preSolution
		HideSolutionNode = FALSE
	EndGlobalSection
	GlobalSection(ExtensibilityGlobals) = postSolution
		SolutionGuid = {332CF2E7-39BF-4E9C-909C-827BE6EA99E7}
	EndGlobalSection
EndGlobal
